{
  "name": "node-red-contrib-luxtronik2",
  "version": "0.4.1",
  "lockfileVersion": 1,
  "requires": true,
  "dependencies": {
    "humanize-duration": {
      "version": "3.25.1",
      "resolved": "https://registry.npmjs.org/humanize-duration/-/humanize-duration-3.25.1.tgz",
      "integrity": "sha512-P+dRo48gpLgc2R9tMRgiDRNULPKCmqFYgguwqOO2C0fjO35TgdURDQDANSR1Nt92iHlbHGMxOTnsB8H8xnMa2Q=="
    },
    "luxtronik2": {
      "version": "2.3.1",
      "resolved": "https://registry.npmjs.org/luxtronik2/-/luxtronik2-2.3.1.tgz",
      "integrity": "sha512-grpbWpNQ4NOPIQejgd1DT5kMX+Un81nszB2i3GUFkzBvq+XqXl/VTL1pDiVDuiyX2jAf01qVZmXw+f4dFlKXXw==",
      "requires": {
        "humanize-duration": "^3.25.0",
        "net": "^1.0.2"
      }
    },
    "net": {
      "version": "1.0.2",
      "resolved": "https://registry.npmjs.org/net/-/net-1.0.2.tgz",
      "integrity": "sha1-0XV+yaf7I3HYPPR1XOPifhCCk4g="
    }
  }
}
